// !$*UTF8*$!
{
	archiveVersion = 1;
	classes = {
	};
	objectVersion = 50;
	objects = {

/* Begin PBXBuildFile section */
		3B6CCD2523DEBF0D00EFDF05 /* DateExtension.swift in Sources */ = {isa = PBXBuildFile; fileRef = 3B6CCD2423DEBF0D00EFDF05 /* DateExtension.swift */; };
		3B6CCD2723DEBF4000EFDF05 /* StringExtension.swift in Sources */ = {isa = PBXBuildFile; fileRef = 3B6CCD2623DEBF4000EFDF05 /* StringExtension.swift */; };
		3B76902A23BA407D00768742 /* AppDelegate.swift in Sources */ = {isa = PBXBuildFile; fileRef = 3B76902923BA407D00768742 /* AppDelegate.swift */; };
		3B76902C23BA407D00768742 /* SceneDelegate.swift in Sources */ = {isa = PBXBuildFile; fileRef = 3B76902B23BA407D00768742 /* SceneDelegate.swift */; };
		3B76903323BA407F00768742 /* Assets.xcassets in Resources */ = {isa = PBXBuildFile; fileRef = 3B76903223BA407F00768742 /* Assets.xcassets */; };
		3B76903623BA407F00768742 /* LaunchScreen.storyboard in Resources */ = {isa = PBXBuildFile; fileRef = 3B76903423BA407F00768742 /* LaunchScreen.storyboard */; };
		3B76903E23BA468400768742 /* SearchVC.swift in Sources */ = {isa = PBXBuildFile; fileRef = 3B76903D23BA468400768742 /* SearchVC.swift */; };
		3B76904023BA46D700768742 /* FavoritesListVC.swift in Sources */ = {isa = PBXBuildFile; fileRef = 3B76903F23BA46D700768742 /* FavoritesListVC.swift */; };
		3B76904223BB43DB00768742 /* GFButton.swift in Sources */ = {isa = PBXBuildFile; fileRef = 3B76904123BB43DB00768742 /* GFButton.swift */; };
		3B76904423BB46BF00768742 /* GFTextField.swift in Sources */ = {isa = PBXBuildFile; fileRef = 3B76904323BB46BF00768742 /* GFTextField.swift */; };
		3BC7098123BDCF9800E30DF1 /* Follower.swift in Sources */ = {isa = PBXBuildFile; fileRef = 3BC7098023BDCF9800E30DF1 /* Follower.swift */; };
		3BC7098323BDD05A00E30DF1 /* User.swift in Sources */ = {isa = PBXBuildFile; fileRef = 3BC7098223BDD05A00E30DF1 /* User.swift */; };
		3BF50B5423E1C08600B75FCE /* PersistenceManager.swift in Sources */ = {isa = PBXBuildFile; fileRef = 3BF50B5323E1C08600B75FCE /* PersistenceManager.swift */; };
		3BF50B5623E1CF2D00B75FCE /* FavoriteCell.swift in Sources */ = {isa = PBXBuildFile; fileRef = 3BF50B5523E1CF2D00B75FCE /* FavoriteCell.swift */; };
		CB13DB9F23CB5629007F10E5 /* UserInfoVC.swift in Sources */ = {isa = PBXBuildFile; fileRef = CB13DB9E23CB5629007F10E5 /* UserInfoVC.swift */; };
		CB13DBA123CB7769007F10E5 /* GFError.swift in Sources */ = {isa = PBXBuildFile; fileRef = CB13DBA023CB7769007F10E5 /* GFError.swift */; };
		CB1CF25023C0BF5D0044C189 /* NetworkManager.swift in Sources */ = {isa = PBXBuildFile; fileRef = CB1CF24F23C0BF5D0044C189 /* NetworkManager.swift */; };
		CB21C0D123E70A3200BAEA3E /* UIViewExtension.swift in Sources */ = {isa = PBXBuildFile; fileRef = CB21C0D023E70A3200BAEA3E /* UIViewExtension.swift */; };
		CB21C0D323E7223400BAEA3E /* UITableViewExtension.swift in Sources */ = {isa = PBXBuildFile; fileRef = CB21C0D223E7223400BAEA3E /* UITableViewExtension.swift */; };
		CB4816E923BCA22900745FEB /* FollowersListVC.swift in Sources */ = {isa = PBXBuildFile; fileRef = CB4816E823BCA22900745FEB /* FollowersListVC.swift */; };
		CB4816EB23BCC71900745FEB /* GFTitleLabel.swift in Sources */ = {isa = PBXBuildFile; fileRef = CB4816EA23BCC71900745FEB /* GFTitleLabel.swift */; };
		CB4816ED23BCC91900745FEB /* GFBodyLabel.swift in Sources */ = {isa = PBXBuildFile; fileRef = CB4816EC23BCC91900745FEB /* GFBodyLabel.swift */; };
		CB4816EF23BCCA0500745FEB /* GFAlertVC.swift in Sources */ = {isa = PBXBuildFile; fileRef = CB4816EE23BCCA0500745FEB /* GFAlertVC.swift */; };
		CB4816F123BCD3E400745FEB /* UIViewControllerExtension.swift in Sources */ = {isa = PBXBuildFile; fileRef = CB4816F023BCD3E400745FEB /* UIViewControllerExtension.swift */; };
		CB71039923DCF1CC000B09AD /* GFUserInfoHeaderVC.swift in Sources */ = {isa = PBXBuildFile; fileRef = CB71039823DCF1CC000B09AD /* GFUserInfoHeaderVC.swift */; };
		CB71039B23DCF23D000B09AD /* GFSecondaryTitleLabel.swift in Sources */ = {isa = PBXBuildFile; fileRef = CB71039A23DCF23D000B09AD /* GFSecondaryTitleLabel.swift */; };
		CB71039D23DCF9DC000B09AD /* Constants.swift in Sources */ = {isa = PBXBuildFile; fileRef = CB71039C23DCF9DC000B09AD /* Constants.swift */; };
		CB71039F23DDCDE1000B09AD /* GFItemInfoView.swift in Sources */ = {isa = PBXBuildFile; fileRef = CB71039E23DDCDE1000B09AD /* GFItemInfoView.swift */; };
		CB9C1BEE23C521FE006D7E15 /* UIHelper.swift in Sources */ = {isa = PBXBuildFile; fileRef = CB9C1BED23C521FE006D7E15 /* UIHelper.swift */; };
		CBA310CA23E2DBC400F2BA00 /* GFEmptyStateView.swift in Sources */ = {isa = PBXBuildFile; fileRef = CBA310C923E2DBC400F2BA00 /* GFEmptyStateView.swift */; };
		CBAF93A723C27BE300D36665 /* FollowerCell.swift in Sources */ = {isa = PBXBuildFile; fileRef = CBAF93A623C27BE300D36665 /* FollowerCell.swift */; };
		CBAF93A923C27D4F00D36665 /* GFAvatarImageView.swift in Sources */ = {isa = PBXBuildFile; fileRef = CBAF93A823C27D4F00D36665 /* GFAvatarImageView.swift */; };
		CBC2CA4423DE3C9200DD42BD /* GFItemInfoVC.swift in Sources */ = {isa = PBXBuildFile; fileRef = CBC2CA4323DE3C9200DD42BD /* GFItemInfoVC.swift */; };
		CBC2CA4623DE3FC600DD42BD /* GFRepoItemVC.swift in Sources */ = {isa = PBXBuildFile; fileRef = CBC2CA4523DE3FC600DD42BD /* GFRepoItemVC.swift */; };
		CBC2CA4823DE421100DD42BD /* GFFollowerItemVC.swift in Sources */ = {isa = PBXBuildFile; fileRef = CBC2CA4723DE421100DD42BD /* GFFollowerItemVC.swift */; };
		CBE8F12B23E44867000BFC7E /* GFTabBarController.swift in Sources */ = {isa = PBXBuildFile; fileRef = CBE8F12A23E44867000BFC7E /* GFTabBarController.swift */; };
		CBF225A423E59B3900ABEFB3 /* GFAlertContainerView.swift in Sources */ = {isa = PBXBuildFile; fileRef = CBF225A323E59B3900ABEFB3 /* GFAlertContainerView.swift */; };
		CBF225A623E5CC7B00ABEFB3 /* GFDataLoadingVC.swift in Sources */ = {isa = PBXBuildFile; fileRef = CBF225A523E5CC7B00ABEFB3 /* GFDataLoadingVC.swift */; };
/* End PBXBuildFile section */

/* Begin PBXFileReference section */
		3B6CCD2423DEBF0D00EFDF05 /* DateExtension.swift */ = {isa = PBXFileReference; lastKnownFileType = sourcecode.swift; path = DateExtension.swift; sourceTree = "<group>"; };
		3B6CCD2623DEBF4000EFDF05 /* StringExtension.swift */ = {isa = PBXFileReference; lastKnownFileType = sourcecode.swift; path = StringExtension.swift; sourceTree = "<group>"; };
		3B76902623BA407D00768742 /* GithubFollowers.app */ = {isa = PBXFileReference; explicitFileType = wrapper.application; includeInIndex = 0; path = GithubFollowers.app; sourceTree = BUILT_PRODUCTS_DIR; };
		3B76902923BA407D00768742 /* AppDelegate.swift */ = {isa = PBXFileReference; lastKnownFileType = sourcecode.swift; path = AppDelegate.swift; sourceTree = "<group>"; };
		3B76902B23BA407D00768742 /* SceneDelegate.swift */ = {isa = PBXFileReference; lastKnownFileType = sourcecode.swift; path = SceneDelegate.swift; sourceTree = "<group>"; };
		3B76903223BA407F00768742 /* Assets.xcassets */ = {isa = PBXFileReference; lastKnownFileType = folder.assetcatalog; path = Assets.xcassets; sourceTree = "<group>"; };
		3B76903523BA407F00768742 /* Base */ = {isa = PBXFileReference; lastKnownFileType = file.storyboard; name = Base; path = Base.lproj/LaunchScreen.storyboard; sourceTree = "<group>"; };
		3B76903723BA407F00768742 /* Info.plist */ = {isa = PBXFileReference; lastKnownFileType = text.plist.xml; path = Info.plist; sourceTree = "<group>"; };
		3B76903D23BA468400768742 /* SearchVC.swift */ = {isa = PBXFileReference; lastKnownFileType = sourcecode.swift; path = SearchVC.swift; sourceTree = "<group>"; };
		3B76903F23BA46D700768742 /* FavoritesListVC.swift */ = {isa = PBXFileReference; lastKnownFileType = sourcecode.swift; path = FavoritesListVC.swift; sourceTree = "<group>"; };
		3B76904123BB43DB00768742 /* GFButton.swift */ = {isa = PBXFileReference; lastKnownFileType = sourcecode.swift; path = GFButton.swift; sourceTree = "<group>"; };
		3B76904323BB46BF00768742 /* GFTextField.swift */ = {isa = PBXFileReference; lastKnownFileType = sourcecode.swift; path = GFTextField.swift; sourceTree = "<group>"; };
		3BC7098023BDCF9800E30DF1 /* Follower.swift */ = {isa = PBXFileReference; lastKnownFileType = sourcecode.swift; path = Follower.swift; sourceTree = "<group>"; };
		3BC7098223BDD05A00E30DF1 /* User.swift */ = {isa = PBXFileReference; lastKnownFileType = sourcecode.swift; path = User.swift; sourceTree = "<group>"; };
		3BF50B5323E1C08600B75FCE /* PersistenceManager.swift */ = {isa = PBXFileReference; lastKnownFileType = sourcecode.swift; path = PersistenceManager.swift; sourceTree = "<group>"; };
		3BF50B5523E1CF2D00B75FCE /* FavoriteCell.swift */ = {isa = PBXFileReference; lastKnownFileType = sourcecode.swift; path = FavoriteCell.swift; sourceTree = "<group>"; };
		CB13DB9E23CB5629007F10E5 /* UserInfoVC.swift */ = {isa = PBXFileReference; lastKnownFileType = sourcecode.swift; path = UserInfoVC.swift; sourceTree = "<group>"; };
		CB13DBA023CB7769007F10E5 /* GFError.swift */ = {isa = PBXFileReference; lastKnownFileType = sourcecode.swift; path = GFError.swift; sourceTree = "<group>"; };
		CB1CF24F23C0BF5D0044C189 /* NetworkManager.swift */ = {isa = PBXFileReference; lastKnownFileType = sourcecode.swift; path = NetworkManager.swift; sourceTree = "<group>"; };
		CB21C0D023E70A3200BAEA3E /* UIViewExtension.swift */ = {isa = PBXFileReference; lastKnownFileType = sourcecode.swift; path = UIViewExtension.swift; sourceTree = "<group>"; };
		CB21C0D223E7223400BAEA3E /* UITableViewExtension.swift */ = {isa = PBXFileReference; lastKnownFileType = sourcecode.swift; path = UITableViewExtension.swift; sourceTree = "<group>"; };
		CB4816E823BCA22900745FEB /* FollowersListVC.swift */ = {isa = PBXFileReference; lastKnownFileType = sourcecode.swift; path = FollowersListVC.swift; sourceTree = "<group>"; };
		CB4816EA23BCC71900745FEB /* GFTitleLabel.swift */ = {isa = PBXFileReference; lastKnownFileType = sourcecode.swift; path = GFTitleLabel.swift; sourceTree = "<group>"; };
		CB4816EC23BCC91900745FEB /* GFBodyLabel.swift */ = {isa = PBXFileReference; lastKnownFileType = sourcecode.swift; path = GFBodyLabel.swift; sourceTree = "<group>"; };
		CB4816EE23BCCA0500745FEB /* GFAlertVC.swift */ = {isa = PBXFileReference; lastKnownFileType = sourcecode.swift; path = GFAlertVC.swift; sourceTree = "<group>"; };
		CB4816F023BCD3E400745FEB /* UIViewControllerExtension.swift */ = {isa = PBXFileReference; lastKnownFileType = sourcecode.swift; path = UIViewControllerExtension.swift; sourceTree = "<group>"; };
		CB71039823DCF1CC000B09AD /* GFUserInfoHeaderVC.swift */ = {isa = PBXFileReference; lastKnownFileType = sourcecode.swift; path = GFUserInfoHeaderVC.swift; sourceTree = "<group>"; };
		CB71039A23DCF23D000B09AD /* GFSecondaryTitleLabel.swift */ = {isa = PBXFileReference; lastKnownFileType = sourcecode.swift; path = GFSecondaryTitleLabel.swift; sourceTree = "<group>"; };
		CB71039C23DCF9DC000B09AD /* Constants.swift */ = {isa = PBXFileReference; lastKnownFileType = sourcecode.swift; path = Constants.swift; sourceTree = "<group>"; };
		CB71039E23DDCDE1000B09AD /* GFItemInfoView.swift */ = {isa = PBXFileReference; lastKnownFileType = sourcecode.swift; path = GFItemInfoView.swift; sourceTree = "<group>"; };
		CB9C1BED23C521FE006D7E15 /* UIHelper.swift */ = {isa = PBXFileReference; lastKnownFileType = sourcecode.swift; path = UIHelper.swift; sourceTree = "<group>"; };
		CBA310C923E2DBC400F2BA00 /* GFEmptyStateView.swift */ = {isa = PBXFileReference; lastKnownFileType = sourcecode.swift; path = GFEmptyStateView.swift; sourceTree = "<group>"; };
		CBAF93A623C27BE300D36665 /* FollowerCell.swift */ = {isa = PBXFileReference; lastKnownFileType = sourcecode.swift; path = FollowerCell.swift; sourceTree = "<group>"; };
		CBAF93A823C27D4F00D36665 /* GFAvatarImageView.swift */ = {isa = PBXFileReference; lastKnownFileType = sourcecode.swift; path = GFAvatarImageView.swift; sourceTree = "<group>"; };
		CBC2CA4323DE3C9200DD42BD /* GFItemInfoVC.swift */ = {isa = PBXFileReference; lastKnownFileType = sourcecode.swift; path = GFItemInfoVC.swift; sourceTree = "<group>"; };
		CBC2CA4523DE3FC600DD42BD /* GFRepoItemVC.swift */ = {isa = PBXFileReference; lastKnownFileType = sourcecode.swift; path = GFRepoItemVC.swift; sourceTree = "<group>"; };
		CBC2CA4723DE421100DD42BD /* GFFollowerItemVC.swift */ = {isa = PBXFileReference; lastKnownFileType = sourcecode.swift; path = GFFollowerItemVC.swift; sourceTree = "<group>"; };
		CBE8F12A23E44867000BFC7E /* GFTabBarController.swift */ = {isa = PBXFileReference; lastKnownFileType = sourcecode.swift; path = GFTabBarController.swift; sourceTree = "<group>"; };
		CBF225A323E59B3900ABEFB3 /* GFAlertContainerView.swift */ = {isa = PBXFileReference; lastKnownFileType = sourcecode.swift; path = GFAlertContainerView.swift; sourceTree = "<group>"; };
		CBF225A523E5CC7B00ABEFB3 /* GFDataLoadingVC.swift */ = {isa = PBXFileReference; lastKnownFileType = sourcecode.swift; path = GFDataLoadingVC.swift; sourceTree = "<group>"; };
/* End PBXFileReference section */

/* Begin PBXFrameworksBuildPhase section */
		3B76902323BA407D00768742 /* Frameworks */ = {
			isa = PBXFrameworksBuildPhase;
			buildActionMask = 2147483647;
			files = (
			);
			runOnlyForDeploymentPostprocessing = 0;
		};
/* End PBXFrameworksBuildPhase section */

/* Begin PBXGroup section */
		3B76901D23BA407D00768742 = {
			isa = PBXGroup;
			children = (
				3B76902823BA407D00768742 /* GithubFollowers */,
				3B76902723BA407D00768742 /* Products */,
			);
			sourceTree = "<group>";
		};
		3B76902723BA407D00768742 /* Products */ = {
			isa = PBXGroup;
			children = (
				3B76902623BA407D00768742 /* GithubFollowers.app */,
			);
			name = Products;
			sourceTree = "<group>";
		};
		3B76902823BA407D00768742 /* GithubFollowers */ = {
			isa = PBXGroup;
			children = (
				CB1CF25123C0D2080044C189 /* Utilities */,
				CB1CF24E23C0BF520044C189 /* Managers */,
				3BC7098423BDD17B00E30DF1 /* Models */,
				CB8D763D23BCF47900ED2627 /* Support */,
				CB8D763C23BCF41300ED2627 /* Extensions */,
				CB8D763B23BCF3E500ED2627 /* CustomViews */,
				CB8D763A23BCF20900ED2627 /* Screens */,
				3B76903723BA407F00768742 /* Info.plist */,
			);
			path = GithubFollowers;
			sourceTree = "<group>";
		};
		3BC7098423BDD17B00E30DF1 /* Models */ = {
			isa = PBXGroup;
			children = (
				3BC7098023BDCF9800E30DF1 /* Follower.swift */,
				3BC7098223BDD05A00E30DF1 /* User.swift */,
			);
			path = Models;
			sourceTree = "<group>";
		};
		CB1CF24E23C0BF520044C189 /* Managers */ = {
			isa = PBXGroup;
			children = (
				CB1CF24F23C0BF5D0044C189 /* NetworkManager.swift */,
				3BF50B5323E1C08600B75FCE /* PersistenceManager.swift */,
			);
			path = Managers;
			sourceTree = "<group>";
		};
		CB1CF25123C0D2080044C189 /* Utilities */ = {
			isa = PBXGroup;
			children = (
				CB9C1BED23C521FE006D7E15 /* UIHelper.swift */,
				CB13DBA023CB7769007F10E5 /* GFError.swift */,
				CB71039C23DCF9DC000B09AD /* Constants.swift */,
			);
			path = Utilities;
			sourceTree = "<group>";
		};
		CB71039223DCF157000B09AD /* Labels */ = {
			isa = PBXGroup;
			children = (
				CB4816EA23BCC71900745FEB /* GFTitleLabel.swift */,
				CB4816EC23BCC91900745FEB /* GFBodyLabel.swift */,
				CB71039A23DCF23D000B09AD /* GFSecondaryTitleLabel.swift */,
			);
			path = Labels;
			sourceTree = "<group>";
		};
		CB71039323DCF168000B09AD /* TextFields */ = {
			isa = PBXGroup;
			children = (
				3B76904323BB46BF00768742 /* GFTextField.swift */,
			);
			path = TextFields;
			sourceTree = "<group>";
		};
		CB71039423DCF170000B09AD /* Buttons */ = {
			isa = PBXGroup;
			children = (
				3B76904123BB43DB00768742 /* GFButton.swift */,
			);
			path = Buttons;
			sourceTree = "<group>";
		};
		CB71039523DCF17A000B09AD /* Views */ = {
			isa = PBXGroup;
			children = (
				CB71039E23DDCDE1000B09AD /* GFItemInfoView.swift */,
				CBA310C923E2DBC400F2BA00 /* GFEmptyStateView.swift */,
				CBF225A323E59B3900ABEFB3 /* GFAlertContainerView.swift */,
			);
			path = Views;
			sourceTree = "<group>";
		};
		CB71039623DCF17F000B09AD /* ImageViews */ = {
			isa = PBXGroup;
			children = (
				CBAF93A823C27D4F00D36665 /* GFAvatarImageView.swift */,
			);
			path = ImageViews;
			sourceTree = "<group>";
		};
		CB71039723DCF189000B09AD /* ViewControllers */ = {
			isa = PBXGroup;
			children = (
				CBC2CA4923DE428B00DD42BD /* ItemInfoVCs */,
				CB4816EE23BCCA0500745FEB /* GFAlertVC.swift */,
				CB71039823DCF1CC000B09AD /* GFUserInfoHeaderVC.swift */,
				CBF225A523E5CC7B00ABEFB3 /* GFDataLoadingVC.swift */,
			);
			path = ViewControllers;
			sourceTree = "<group>";
		};
		CB8D763A23BCF20900ED2627 /* Screens */ = {
			isa = PBXGroup;
			children = (
				3B76903F23BA46D700768742 /* FavoritesListVC.swift */,
				3B76903D23BA468400768742 /* SearchVC.swift */,
				CB4816E823BCA22900745FEB /* FollowersListVC.swift */,
				CB13DB9E23CB5629007F10E5 /* UserInfoVC.swift */,
			);
			path = Screens;
			sourceTree = "<group>";
		};
		CB8D763B23BCF3E500ED2627 /* CustomViews */ = {
			isa = PBXGroup;
			children = (
				CBE8F12923E44834000BFC7E /* TabBarControllers */,
				CB71039723DCF189000B09AD /* ViewControllers */,
				CB71039623DCF17F000B09AD /* ImageViews */,
				CB71039523DCF17A000B09AD /* Views */,
				CB71039423DCF170000B09AD /* Buttons */,
				CB71039323DCF168000B09AD /* TextFields */,
				CB71039223DCF157000B09AD /* Labels */,
				CBAF93A523C27BBF00D36665 /* Cells */,
			);
			path = CustomViews;
			sourceTree = "<group>";
		};
		CB8D763C23BCF41300ED2627 /* Extensions */ = {
			isa = PBXGroup;
			children = (
				CB4816F023BCD3E400745FEB /* UIViewControllerExtension.swift */,
				3B6CCD2423DEBF0D00EFDF05 /* DateExtension.swift */,
				3B6CCD2623DEBF4000EFDF05 /* StringExtension.swift */,
				CB21C0D023E70A3200BAEA3E /* UIViewExtension.swift */,
				CB21C0D223E7223400BAEA3E /* UITableViewExtension.swift */,
			);
			path = Extensions;
			sourceTree = "<group>";
		};
		CB8D763D23BCF47900ED2627 /* Support */ = {
			isa = PBXGroup;
			children = (
				3B76902923BA407D00768742 /* AppDelegate.swift */,
				3B76902B23BA407D00768742 /* SceneDelegate.swift */,
				3B76903223BA407F00768742 /* Assets.xcassets */,
				3B76903423BA407F00768742 /* LaunchScreen.storyboard */,
			);
			path = Support;
			sourceTree = "<group>";
		};
		CBAF93A523C27BBF00D36665 /* Cells */ = {
			isa = PBXGroup;
			children = (
				CBAF93A623C27BE300D36665 /* FollowerCell.swift */,
				3BF50B5523E1CF2D00B75FCE /* FavoriteCell.swift */,
			);
			path = Cells;
			sourceTree = "<group>";
		};
		CBC2CA4923DE428B00DD42BD /* ItemInfoVCs */ = {
			isa = PBXGroup;
			children = (
				CBC2CA4323DE3C9200DD42BD /* GFItemInfoVC.swift */,
				CBC2CA4523DE3FC600DD42BD /* GFRepoItemVC.swift */,
				CBC2CA4723DE421100DD42BD /* GFFollowerItemVC.swift */,
			);
			path = ItemInfoVCs;
			sourceTree = "<group>";
		};
		CBE8F12923E44834000BFC7E /* TabBarControllers */ = {
			isa = PBXGroup;
			children = (
				CBE8F12A23E44867000BFC7E /* GFTabBarController.swift */,
			);
			path = TabBarControllers;
			sourceTree = "<group>";
		};
/* End PBXGroup section */

/* Begin PBXNativeTarget section */
		3B76902523BA407D00768742 /* GithubFollowers */ = {
			isa = PBXNativeTarget;
			buildConfigurationList = 3B76903A23BA407F00768742 /* Build configuration list for PBXNativeTarget "GithubFollowers" */;
			buildPhases = (
				3B76902223BA407D00768742 /* Sources */,
				3B76902323BA407D00768742 /* Frameworks */,
				3B76902423BA407D00768742 /* Resources */,
			);
			buildRules = (
			);
			dependencies = (
			);
			name = GithubFollowers;
			productName = GithubFollowers;
			productReference = 3B76902623BA407D00768742 /* GithubFollowers.app */;
			productType = "com.apple.product-type.application";
		};
/* End PBXNativeTarget section */

/* Begin PBXProject section */
		3B76901E23BA407D00768742 /* Project object */ = {
			isa = PBXProject;
			attributes = {
				LastSwiftUpdateCheck = 1130;
				LastUpgradeCheck = 1230;
				ORGANIZATIONNAME = "Exrhan Selmani";
				TargetAttributes = {
					3B76902523BA407D00768742 = {
						CreatedOnToolsVersion = 11.3;
					};
				};
			};
			buildConfigurationList = 3B76902123BA407D00768742 /* Build configuration list for PBXProject "GithubFollowers" */;
			compatibilityVersion = "Xcode 9.3";
			developmentRegion = en;
			hasScannedForEncodings = 0;
			knownRegions = (
				en,
				Base,
			);
			mainGroup = 3B76901D23BA407D00768742;
			productRefGroup = 3B76902723BA407D00768742 /* Products */;
			projectDirPath = "";
			projectRoot = "";
			targets = (
				3B76902523BA407D00768742 /* GithubFollowers */,
			);
		};
/* End PBXProject section */

/* Begin PBXResourcesBuildPhase section */
		3B76902423BA407D00768742 /* Resources */ = {
			isa = PBXResourcesBuildPhase;
			buildActionMask = 2147483647;
			files = (
				3B76903623BA407F00768742 /* LaunchScreen.storyboard in Resources */,
				3B76903323BA407F00768742 /* Assets.xcassets in Resources */,
			);
			runOnlyForDeploymentPostprocessing = 0;
		};
/* End PBXResourcesBuildPhase section */

/* Begin PBXSourcesBuildPhase section */
		3B76902223BA407D00768742 /* Sources */ = {
			isa = PBXSourcesBuildPhase;
			buildActionMask = 2147483647;
			files = (
				3B6CCD2523DEBF0D00EFDF05 /* DateExtension.swift in Sources */,
				CBC2CA4823DE421100DD42BD /* GFFollowerItemVC.swift in Sources */,
				3BC7098323BDD05A00E30DF1 /* User.swift in Sources */,
				CB71039D23DCF9DC000B09AD /* Constants.swift in Sources */,
				CB71039F23DDCDE1000B09AD /* GFItemInfoView.swift in Sources */,
				3B76904423BB46BF00768742 /* GFTextField.swift in Sources */,
				CBF225A623E5CC7B00ABEFB3 /* GFDataLoadingVC.swift in Sources */,
				CBA310CA23E2DBC400F2BA00 /* GFEmptyStateView.swift in Sources */,
				CB4816E923BCA22900745FEB /* FollowersListVC.swift in Sources */,
				3B76904023BA46D700768742 /* FavoritesListVC.swift in Sources */,
				3B6CCD2723DEBF4000EFDF05 /* StringExtension.swift in Sources */,
				CBC2CA4423DE3C9200DD42BD /* GFItemInfoVC.swift in Sources */,
				CBC2CA4623DE3FC600DD42BD /* GFRepoItemVC.swift in Sources */,
				3B76904223BB43DB00768742 /* GFButton.swift in Sources */,
				CB71039923DCF1CC000B09AD /* GFUserInfoHeaderVC.swift in Sources */,
				CB21C0D323E7223400BAEA3E /* UITableViewExtension.swift in Sources */,
				CB9C1BEE23C521FE006D7E15 /* UIHelper.swift in Sources */,
				CB71039B23DCF23D000B09AD /* GFSecondaryTitleLabel.swift in Sources */,
				CBE8F12B23E44867000BFC7E /* GFTabBarController.swift in Sources */,
				CBAF93A923C27D4F00D36665 /* GFAvatarImageView.swift in Sources */,
				CB4816EF23BCCA0500745FEB /* GFAlertVC.swift in Sources */,
				CB4816ED23BCC91900745FEB /* GFBodyLabel.swift in Sources */,
				CBAF93A723C27BE300D36665 /* FollowerCell.swift in Sources */,
				CBF225A423E59B3900ABEFB3 /* GFAlertContainerView.swift in Sources */,
				CB13DBA123CB7769007F10E5 /* GFError.swift in Sources */,
				CB4816EB23BCC71900745FEB /* GFTitleLabel.swift in Sources */,
				CB21C0D123E70A3200BAEA3E /* UIViewExtension.swift in Sources */,
				3BC7098123BDCF9800E30DF1 /* Follower.swift in Sources */,
				3BF50B5423E1C08600B75FCE /* PersistenceManager.swift in Sources */,
				CB13DB9F23CB5629007F10E5 /* UserInfoVC.swift in Sources */,
				3B76903E23BA468400768742 /* SearchVC.swift in Sources */,
				CB1CF25023C0BF5D0044C189 /* NetworkManager.swift in Sources */,
				3B76902A23BA407D00768742 /* AppDelegate.swift in Sources */,
				3BF50B5623E1CF2D00B75FCE /* FavoriteCell.swift in Sources */,
				CB4816F123BCD3E400745FEB /* UIViewControllerExtension.swift in Sources */,
				3B76902C23BA407D00768742 /* SceneDelegate.swift in Sources */,
			);
			runOnlyForDeploymentPostprocessing = 0;
		};
/* End PBXSourcesBuildPhase section */

/* Begin PBXVariantGroup section */
		3B76903423BA407F00768742 /* LaunchScreen.storyboard */ = {
			isa = PBXVariantGroup;
			children = (
				3B76903523BA407F00768742 /* Base */,
			);
			name = LaunchScreen.storyboard;
			sourceTree = "<group>";
		};
/* End PBXVariantGroup section */

/* Begin XCBuildConfiguration section */
		3B76903823BA407F00768742 /* Debug */ = {
			isa = XCBuildConfiguration;
			buildSettings = {
				ALWAYS_SEARCH_USER_PATHS = NO;
				CLANG_ANALYZER_NONNULL = YES;
				CLANG_ANALYZER_NUMBER_OBJECT_CONVERSION = YES_AGGRESSIVE;
				CLANG_CXX_LANGUAGE_STANDARD = "gnu++14";
				CLANG_CXX_LIBRARY = "libc++";
				CLANG_ENABLE_MODULES = YES;
				CLANG_ENABLE_OBJC_ARC = YES;
				CLANG_ENABLE_OBJC_WEAK = YES;
				CLANG_WARN_BLOCK_CAPTURE_AUTORELEASING = YES;
				CLANG_WARN_BOOL_CONVERSION = YES;
				CLANG_WARN_COMMA = YES;
				CLANG_WARN_CONSTANT_CONVERSION = YES;
				CLANG_WARN_DEPRECATED_OBJC_IMPLEMENTATIONS = YES;
				CLANG_WARN_DIRECT_OBJC_ISA_USAGE = YES_ERROR;
				CLANG_WARN_DOCUMENTATION_COMMENTS = YES;
				CLANG_WARN_EMPTY_BODY = YES;
				CLANG_WARN_ENUM_CONVERSION = YES;
				CLANG_WARN_INFINITE_RECURSION = YES;
				CLANG_WARN_INT_CONVERSION = YES;
				CLANG_WARN_NON_LITERAL_NULL_CONVERSION = YES;
				CLANG_WARN_OBJC_IMPLICIT_RETAIN_SELF = YES;
				CLANG_WARN_OBJC_LITERAL_CONVERSION = YES;
				CLANG_WARN_OBJC_ROOT_CLASS = YES_ERROR;
				CLANG_WARN_QUOTED_INCLUDE_IN_FRAMEWORK_HEADER = YES;
				CLANG_WARN_RANGE_LOOP_ANALYSIS = YES;
				CLANG_WARN_STRICT_PROTOTYPES = YES;
				CLANG_WARN_SUSPICIOUS_MOVE = YES;
				CLANG_WARN_UNGUARDED_AVAILABILITY = YES_AGGRESSIVE;
				CLANG_WARN_UNREACHABLE_CODE = YES;
				CLANG_WARN__DUPLICATE_METHOD_MATCH = YES;
				COPY_PHASE_STRIP = NO;
				DEBUG_INFORMATION_FORMAT = dwarf;
				ENABLE_STRICT_OBJC_MSGSEND = YES;
				ENABLE_TESTABILITY = YES;
				GCC_C_LANGUAGE_STANDARD = gnu11;
				GCC_DYNAMIC_NO_PIC = NO;
				GCC_NO_COMMON_BLOCKS = YES;
				GCC_OPTIMIZATION_LEVEL = 0;
				GCC_PREPROCESSOR_DEFINITIONS = (
					"DEBUG=1",
					"$(inherited)",
				);
				GCC_WARN_64_TO_32_BIT_CONVERSION = YES;
				GCC_WARN_ABOUT_RETURN_TYPE = YES_ERROR;
				GCC_WARN_UNDECLARED_SELECTOR = YES;
				GCC_WARN_UNINITIALIZED_AUTOS = YES_AGGRESSIVE;
				GCC_WARN_UNUSED_FUNCTION = YES;
				GCC_WARN_UNUSED_VARIABLE = YES;
				IPHONEOS_DEPLOYMENT_TARGET = 13.2;
				MTL_ENABLE_DEBUG_INFO = INCLUDE_SOURCE;
				MTL_FAST_MATH = YES;
				ONLY_ACTIVE_ARCH = YES;
				SDKROOT = iphoneos;
				SWIFT_ACTIVE_COMPILATION_CONDITIONS = DEBUG;
				SWIFT_OPTIMIZATION_LEVEL = "-Onone";
			};
			name = Debug;
		};
		3B76903923BA407F00768742 /* Release */ = {
			isa = XCBuildConfiguration;
			buildSettings = {
				ALWAYS_SEARCH_USER_PATHS = NO;
				CLANG_ANALYZER_NONNULL = YES;
				CLANG_ANALYZER_NUMBER_OBJECT_CONVERSION = YES_AGGRESSIVE;
				CLANG_CXX_LANGUAGE_STANDARD = "gnu++14";
				CLANG_CXX_LIBRARY = "libc++";
				CLANG_ENABLE_MODULES = YES;
				CLANG_ENABLE_OBJC_ARC = YES;
				CLANG_ENABLE_OBJC_WEAK = YES;
				CLANG_WARN_BLOCK_CAPTURE_AUTORELEASING = YES;
				CLANG_WARN_BOOL_CONVERSION = YES;
				CLANG_WARN_COMMA = YES;
				CLANG_WARN_CONSTANT_CONVERSION = YES;
				CLANG_WARN_DEPRECATED_OBJC_IMPLEMENTATIONS = YES;
				CLANG_WARN_DIRECT_OBJC_ISA_USAGE = YES_ERROR;
				CLANG_WARN_DOCUMENTATION_COMMENTS = YES;
				CLANG_WARN_EMPTY_BODY = YES;
				CLANG_WARN_ENUM_CONVERSION = YES;
				CLANG_WARN_INFINITE_RECURSION = YES;
				CLANG_WARN_INT_CONVERSION = YES;
				CLANG_WARN_NON_LITERAL_NULL_CONVERSION = YES;
				CLANG_WARN_OBJC_IMPLICIT_RETAIN_SELF = YES;
				CLANG_WARN_OBJC_LITERAL_CONVERSION = YES;
				CLANG_WARN_OBJC_ROOT_CLASS = YES_ERROR;
				CLANG_WARN_QUOTED_INCLUDE_IN_FRAMEWORK_HEADER = YES;
				CLANG_WARN_RANGE_LOOP_ANALYSIS = YES;
				CLANG_WARN_STRICT_PROTOTYPES = YES;
				CLANG_WARN_SUSPICIOUS_MOVE = YES;
				CLANG_WARN_UNGUARDED_AVAILABILITY = YES_AGGRESSIVE;
				CLANG_WARN_UNREACHABLE_CODE = YES;
				CLANG_WARN__DUPLICATE_METHOD_MATCH = YES;
				COPY_PHASE_STRIP = NO;
				DEBUG_INFORMATION_FORMAT = "dwarf-with-dsym";
				ENABLE_NS_ASSERTIONS = NO;
				ENABLE_STRICT_OBJC_MSGSEND = YES;
				GCC_C_LANGUAGE_STANDARD = gnu11;
				GCC_NO_COMMON_BLOCKS = YES;
				GCC_WARN_64_TO_32_BIT_CONVERSION = YES;
				GCC_WARN_ABOUT_RETURN_TYPE = YES_ERROR;
				GCC_WARN_UNDECLARED_SELECTOR = YES;
				GCC_WARN_UNINITIALIZED_AUTOS = YES_AGGRESSIVE;
				GCC_WARN_UNUSED_FUNCTION = YES;
				GCC_WARN_UNUSED_VARIABLE = YES;
				IPHONEOS_DEPLOYMENT_TARGET = 13.2;
				MTL_ENABLE_DEBUG_INFO = NO;
				MTL_FAST_MATH = YES;
				SDKROOT = iphoneos;
				SWIFT_COMPILATION_MODE = wholemodule;
				SWIFT_OPTIMIZATION_LEVEL = "-O";
				VALIDATE_PRODUCT = YES;
			};
			name = Release;
		};
		3B76903B23BA407F00768742 /* Debug */ = {
			isa = XCBuildConfiguration;
			buildSettings = {
				ASSETCATALOG_COMPILER_APPICON_NAME = AppIcon;
				CODE_SIGN_STYLE = Automatic;
				DEVELOPMENT_TEAM = YF57B659EP;
				INFOPLIST_FILE = GithubFollowers/Info.plist;
				LD_RUNPATH_SEARCH_PATHS = (
					"$(inherited)",
					"@executable_path/Frameworks",
				);
				PRODUCT_BUNDLE_IDENTIFIER = erxhanselmani.GithubFollowers;
				PRODUCT_NAME = "$(TARGET_NAME)";
				SWIFT_VERSION = 5.0;
				TARGETED_DEVICE_FAMILY = "1,2";
			};
			name = Debug;
		};
		3B76903C23BA407F00768742 /* Release */ = {
			isa = XCBuildConfiguration;
			buildSettings = {
				ASSETCATALOG_COMPILER_APPICON_NAME = AppIcon;
				CODE_SIGN_STYLE = Automatic;
				DEVELOPMENT_TEAM = YF57B659EP;
				INFOPLIST_FILE = GithubFollowers/Info.plist;
				LD_RUNPATH_SEARCH_PATHS = (
					"$(inherited)",
					"@executable_path/Frameworks",
				);
				PRODUCT_BUNDLE_IDENTIFIER = erxhanselmani.GithubFollowers;
				PRODUCT_NAME = "$(TARGET_NAME)";
				SWIFT_VERSION = 5.0;
				TARGETED_DEVICE_FAMILY = "1,2";
			};
			name = Release;
		};
/* End XCBuildConfiguration section */

/* Begin XCConfigurationList section */
		3B76902123BA407D00768742 /* Build configuration list for PBXProject "GithubFollowers" */ = {
			isa = XCConfigurationList;
			buildConfigurations = (
				3B76903823BA407F00768742 /* Debug */,
				3B76903923BA407F00768742 /* Release */,
			);
			defaultConfigurationIsVisible = 0;
			defaultConfigurationName = Release;
		};
		3B76903A23BA407F00768742 /* Build configuration list for PBXNativeTarget "GithubFollowers" */ = {
			isa = XCConfigurationList;
			buildConfigurations = (
				3B76903B23BA407F00768742 /* Debug */,
				3B76903C23BA407F00768742 /* Release */,
			);
			defaultConfigurationIsVisible = 0;
			defaultConfigurationName = Release;
		};
/* End XCConfigurationList section */
	};
	rootObject = 3B76901E23BA407D00768742 /* Project object */;
}
