// !$*UTF8*$!
{
	archiveVersion = 1;
	classes = {
	};
	objectVersion = 50;
	objects = {

/* Begin PBXBuildFile section */
		3B76902A23BA407D00768742 /* AppDelegate.swift in Sources */ = {isa = PBXBuildFile; fileRef = 3B76902923BA407D00768742 /* AppDelegate.swift */; };
		3B76902C23BA407D00768742 /* SceneDelegate.swift in Sources */ = {isa = PBXBuildFile; fileRef = 3B76902B23BA407D00768742 /* SceneDelegate.swift */; };
		3B76903323BA407F00768742 /* Assets.xcassets in Resources */ = {isa = PBXBuildFile; fileRef = 3B76903223BA407F00768742 /* Assets.xcassets */; };
		3B76903623BA407F00768742 /* LaunchScreen.storyboard in Resources */ = {isa = PBXBuildFile; fileRef = 3B76903423BA407F00768742 /* LaunchScreen.storyboard */; };
		3B76903E23BA468400768742 /* SearchVC.swift in Sources */ = {isa = PBXBuildFile; fileRef = 3B76903D23BA468400768742 /* SearchVC.swift */; };
		3B76904023BA46D700768742 /* FavoritesListVC.swift in Sources */ = {isa = PBXBuildFile; fileRef = 3B76903F23BA46D700768742 /* FavoritesListVC.swift */; };
		3B76904223BB43DB00768742 /* GFButton.swift in Sources */ = {isa = PBXBuildFile; fileRef = 3B76904123BB43DB00768742 /* GFButton.swift */; };
		3B76904423BB46BF00768742 /* GFTextField.swift in Sources */ = {isa = PBXBuildFile; fileRef = 3B76904323BB46BF00768742 /* GFTextField.swift */; };
		3BC7098123BDCF9800E30DF1 /* Follower.swift in Sources */ = {isa = PBXBuildFile; fileRef = 3BC7098023BDCF9800E30DF1 /* Follower.swift */; };
		3BC7098323BDD05A00E30DF1 /* User.swift in Sources */ = {isa = PBXBuildFile; fileRef = 3BC7098223BDD05A00E30DF1 /* User.swift */; };
		CB1CF25023C0BF5D0044C189 /* NetworkManager.swift in Sources */ = {isa = PBXBuildFile; fileRef = CB1CF24F23C0BF5D0044C189 /* NetworkManager.swift */; };
		CB1CF25323C0D2160044C189 /* ErrorMessage.swift in Sources */ = {isa = PBXBuildFile; fileRef = CB1CF25223C0D2160044C189 /* ErrorMessage.swift */; };
		CB4816E923BCA22900745FEB /* FollowersListVC.swift in Sources */ = {isa = PBXBuildFile; fileRef = CB4816E823BCA22900745FEB /* FollowersListVC.swift */; };
		CB4816EB23BCC71900745FEB /* GFTitleLabel.swift in Sources */ = {isa = PBXBuildFile; fileRef = CB4816EA23BCC71900745FEB /* GFTitleLabel.swift */; };
		CB4816ED23BCC91900745FEB /* GFBodyLabel.swift in Sources */ = {isa = PBXBuildFile; fileRef = CB4816EC23BCC91900745FEB /* GFBodyLabel.swift */; };
		CB4816EF23BCCA0500745FEB /* GFAlertVC.swift in Sources */ = {isa = PBXBuildFile; fileRef = CB4816EE23BCCA0500745FEB /* GFAlertVC.swift */; };
		CB4816F123BCD3E400745FEB /* UIViewControllerExtension.swift in Sources */ = {isa = PBXBuildFile; fileRef = CB4816F023BCD3E400745FEB /* UIViewControllerExtension.swift */; };
		CBAF93A723C27BE300D36665 /* FollowerCell.swift in Sources */ = {isa = PBXBuildFile; fileRef = CBAF93A623C27BE300D36665 /* FollowerCell.swift */; };
		CBAF93A923C27D4F00D36665 /* GFAvatarImageView.swift in Sources */ = {isa = PBXBuildFile; fileRef = CBAF93A823C27D4F00D36665 /* GFAvatarImageView.swift */; };
/* End PBXBuildFile section */

/* Begin PBXFileReference section */
		3B76902623BA407D00768742 /* GithubFollowers.app */ = {isa = PBXFileReference; explicitFileType = wrapper.application; includeInIndex = 0; path = GithubFollowers.app; sourceTree = BUILT_PRODUCTS_DIR; };
		3B76902923BA407D00768742 /* AppDelegate.swift */ = {isa = PBXFileReference; lastKnownFileType = sourcecode.swift; path = AppDelegate.swift; sourceTree = "<group>"; };
		3B76902B23BA407D00768742 /* SceneDelegate.swift */ = {isa = PBXFileReference; lastKnownFileType = sourcecode.swift; path = SceneDelegate.swift; sourceTree = "<group>"; };
		3B76903223BA407F00768742 /* Assets.xcassets */ = {isa = PBXFileReference; lastKnownFileType = folder.assetcatalog; path = Assets.xcassets; sourceTree = "<group>"; };
		3B76903523BA407F00768742 /* Base */ = {isa = PBXFileReference; lastKnownFileType = file.storyboard; name = Base; path = Base.lproj/LaunchScreen.storyboard; sourceTree = "<group>"; };
		3B76903723BA407F00768742 /* Info.plist */ = {isa = PBXFileReference; lastKnownFileType = text.plist.xml; path = Info.plist; sourceTree = "<group>"; };
		3B76903D23BA468400768742 /* SearchVC.swift */ = {isa = PBXFileReference; lastKnownFileType = sourcecode.swift; path = SearchVC.swift; sourceTree = "<group>"; };
		3B76903F23BA46D700768742 /* FavoritesListVC.swift */ = {isa = PBXFileReference; lastKnownFileType = sourcecode.swift; path = FavoritesListVC.swift; sourceTree = "<group>"; };
		3B76904123BB43DB00768742 /* GFButton.swift */ = {isa = PBXFileReference; lastKnownFileType = sourcecode.swift; path = GFButton.swift; sourceTree = "<group>"; };
		3B76904323BB46BF00768742 /* GFTextField.swift */ = {isa = PBXFileReference; lastKnownFileType = sourcecode.swift; path = GFTextField.swift; sourceTree = "<group>"; };
		3BC7098023BDCF9800E30DF1 /* Follower.swift */ = {isa = PBXFileReference; lastKnownFileType = sourcecode.swift; path = Follower.swift; sourceTree = "<group>"; };
		3BC7098223BDD05A00E30DF1 /* User.swift */ = {isa = PBXFileReference; lastKnownFileType = sourcecode.swift; path = User.swift; sourceTree = "<group>"; };
		CB1CF24F23C0BF5D0044C189 /* NetworkManager.swift */ = {isa = PBXFileReference; lastKnownFileType = sourcecode.swift; path = NetworkManager.swift; sourceTree = "<group>"; };
		CB1CF25223C0D2160044C189 /* ErrorMessage.swift */ = {isa = PBXFileReference; lastKnownFileType = sourcecode.swift; path = ErrorMessage.swift; sourceTree = "<group>"; };
		CB4816E823BCA22900745FEB /* FollowersListVC.swift */ = {isa = PBXFileReference; lastKnownFileType = sourcecode.swift; path = FollowersListVC.swift; sourceTree = "<group>"; };
		CB4816EA23BCC71900745FEB /* GFTitleLabel.swift */ = {isa = PBXFileReference; lastKnownFileType = sourcecode.swift; path = GFTitleLabel.swift; sourceTree = "<group>"; };
		CB4816EC23BCC91900745FEB /* GFBodyLabel.swift */ = {isa = PBXFileReference; lastKnownFileType = sourcecode.swift; path = GFBodyLabel.swift; sourceTree = "<group>"; };
		CB4816EE23BCCA0500745FEB /* GFAlertVC.swift */ = {isa = PBXFileReference; lastKnownFileType = sourcecode.swift; path = GFAlertVC.swift; sourceTree = "<group>"; };
		CB4816F023BCD3E400745FEB /* UIViewControllerExtension.swift */ = {isa = PBXFileReference; lastKnownFileType = sourcecode.swift; path = UIViewControllerExtension.swift; sourceTree = "<group>"; };
		CBAF93A623C27BE300D36665 /* FollowerCell.swift */ = {isa = PBXFileReference; lastKnownFileType = sourcecode.swift; path = FollowerCell.swift; sourceTree = "<group>"; };
		CBAF93A823C27D4F00D36665 /* GFAvatarImageView.swift */ = {isa = PBXFileReference; lastKnownFileType = sourcecode.swift; path = GFAvatarImageView.swift; sourceTree = "<group>"; };
/* End PBXFileReference section */

/* Begin PBXFrameworksBuildPhase section */
		3B76902323BA407D00768742 /* Frameworks */ = {
			isa = PBXFrameworksBuildPhase;
			buildActionMask = 2147483647;
			files = (
			);
			runOnlyForDeploymentPostprocessing = 0;
		};
/* End PBXFrameworksBuildPhase section */

/* Begin PBXGroup section */
		3B76901D23BA407D00768742 = {
			isa = PBXGroup;
			children = (
				3B76902823BA407D00768742 /* GithubFollowers */,
				3B76902723BA407D00768742 /* Products */,
			);
			sourceTree = "<group>";
		};
		3B76902723BA407D00768742 /* Products */ = {
			isa = PBXGroup;
			children = (
				3B76902623BA407D00768742 /* GithubFollowers.app */,
			);
			name = Products;
			sourceTree = "<group>";
		};
		3B76902823BA407D00768742 /* GithubFollowers */ = {
			isa = PBXGroup;
			children = (
				CB1CF25123C0D2080044C189 /* Utilities */,
				CB1CF24E23C0BF520044C189 /* Managers */,
				3B76903723BA407F00768742 /* Info.plist */,
				3BC7098423BDD17B00E30DF1 /* Models */,
				CB8D763D23BCF47900ED2627 /* Support */,
				CB8D763C23BCF41300ED2627 /* Extensions */,
				CB8D763B23BCF3E500ED2627 /* CustomViews */,
				CB8D763A23BCF20900ED2627 /* Screens */,
			);
			path = GithubFollowers;
			sourceTree = "<group>";
		};
		3BC7098423BDD17B00E30DF1 /* Models */ = {
			isa = PBXGroup;
			children = (
				3BC7098023BDCF9800E30DF1 /* Follower.swift */,
				3BC7098223BDD05A00E30DF1 /* User.swift */,
			);
			path = Models;
			sourceTree = "<group>";
		};
		CB1CF24E23C0BF520044C189 /* Managers */ = {
			isa = PBXGroup;
			children = (
				CB1CF24F23C0BF5D0044C189 /* NetworkManager.swift */,
			);
			path = Managers;
			sourceTree = "<group>";
		};
		CB1CF25123C0D2080044C189 /* Utilities */ = {
			isa = PBXGroup;
			children = (
				CB1CF25223C0D2160044C189 /* ErrorMessage.swift */,
			);
			path = Utilities;
			sourceTree = "<group>";
		};
		CB8D763A23BCF20900ED2627 /* Screens */ = {
			isa = PBXGroup;
			children = (
				3B76903F23BA46D700768742 /* FavoritesListVC.swift */,
				3B76903D23BA468400768742 /* SearchVC.swift */,
				CB4816E823BCA22900745FEB /* FollowersListVC.swift */,
			);
			path = Screens;
			sourceTree = "<group>";
		};
		CB8D763B23BCF3E500ED2627 /* CustomViews */ = {
			isa = PBXGroup;
			children = (
				CBAF93A523C27BBF00D36665 /* Cells */,
				CB4816EE23BCCA0500745FEB /* GFAlertVC.swift */,
				3B76904123BB43DB00768742 /* GFButton.swift */,
				3B76904323BB46BF00768742 /* GFTextField.swift */,
				CB4816EA23BCC71900745FEB /* GFTitleLabel.swift */,
				CB4816EC23BCC91900745FEB /* GFBodyLabel.swift */,
				CBAF93A823C27D4F00D36665 /* GFAvatarImageView.swift */,
			);
			path = CustomViews;
			sourceTree = "<group>";
		};
		CB8D763C23BCF41300ED2627 /* Extensions */ = {
			isa = PBXGroup;
			children = (
				CB4816F023BCD3E400745FEB /* UIViewControllerExtension.swift */,
			);
			path = Extensions;
			sourceTree = "<group>";
		};
		CB8D763D23BCF47900ED2627 /* Support */ = {
			isa = PBXGroup;
			children = (
				3B76902923BA407D00768742 /* AppDelegate.swift */,
				3B76902B23BA407D00768742 /* SceneDelegate.swift */,
				3B76903223BA407F00768742 /* Assets.xcassets */,
				3B76903423BA407F00768742 /* LaunchScreen.storyboard */,
			);
			path = Support;
			sourceTree = "<group>";
		};
		CBAF93A523C27BBF00D36665 /* Cells */ = {
			isa = PBXGroup;
			children = (
				CBAF93A623C27BE300D36665 /* FollowerCell.swift */,
			);
			path = Cells;
			sourceTree = "<group>";
		};
/* End PBXGroup section */

/* Begin PBXNativeTarget section */
		3B76902523BA407D00768742 /* GithubFollowers */ = {
			isa = PBXNativeTarget;
			buildConfigurationList = 3B76903A23BA407F00768742 /* Build configuration list for PBXNativeTarget "GithubFollowers" */;
			buildPhases = (
				3B76902223BA407D00768742 /* Sources */,
				3B76902323BA407D00768742 /* Frameworks */,
				3B76902423BA407D00768742 /* Resources */,
			);
			buildRules = (
			);
			dependencies = (
			);
			name = GithubFollowers;
			productName = GithubFollowers;
			productReference = 3B76902623BA407D00768742 /* GithubFollowers.app */;
			productType = "com.apple.product-type.application";
		};
/* End PBXNativeTarget section */

/* Begin PBXProject section */
		3B76901E23BA407D00768742 /* Project object */ = {
			isa = PBXProject;
			attributes = {
				LastSwiftUpdateCheck = 1130;
				LastUpgradeCheck = 1130;
				ORGANIZATIONNAME = "Exrhan Selmani";
				TargetAttributes = {
					3B76902523BA407D00768742 = {
						CreatedOnToolsVersion = 11.3;
					};
				};
			};
			buildConfigurationList = 3B76902123BA407D00768742 /* Build configuration list for PBXProject "GithubFollowers" */;
			compatibilityVersion = "Xcode 9.3";
			developmentRegion = en;
			hasScannedForEncodings = 0;
			knownRegions = (
				en,
				Base,
			);
			mainGroup = 3B76901D23BA407D00768742;
			productRefGroup = 3B76902723BA407D00768742 /* Products */;
			projectDirPath = "";
			projectRoot = "";
			targets = (
				3B76902523BA407D00768742 /* GithubFollowers */,
			);
		};
/* End PBXProject section */

/* Begin PBXResourcesBuildPhase section */
		3B76902423BA407D00768742 /* Resources */ = {
			isa = PBXResourcesBuildPhase;
			buildActionMask = 2147483647;
			files = (
				3B76903623BA407F00768742 /* LaunchScreen.storyboard in Resources */,
				3B76903323BA407F00768742 /* Assets.xcassets in Resources */,
			);
			runOnlyForDeploymentPostprocessing = 0;
		};
/* End PBXResourcesBuildPhase section */

/* Begin PBXSourcesBuildPhase section */
		3B76902223BA407D00768742 /* Sources */ = {
			isa = PBXSourcesBuildPhase;
			buildActionMask = 2147483647;
			files = (
				3BC7098323BDD05A00E30DF1 /* User.swift in Sources */,
				3B76904423BB46BF00768742 /* GFTextField.swift in Sources */,
				CB4816E923BCA22900745FEB /* FollowersListVC.swift in Sources */,
				3B76904023BA46D700768742 /* FavoritesListVC.swift in Sources */,
				3B76904223BB43DB00768742 /* GFButton.swift in Sources */,
				CBAF93A923C27D4F00D36665 /* GFAvatarImageView.swift in Sources */,
				CB4816EF23BCCA0500745FEB /* GFAlertVC.swift in Sources */,
				CB4816ED23BCC91900745FEB /* GFBodyLabel.swift in Sources */,
				CBAF93A723C27BE300D36665 /* FollowerCell.swift in Sources */,
				CB1CF25323C0D2160044C189 /* ErrorMessage.swift in Sources */,
				CB4816EB23BCC71900745FEB /* GFTitleLabel.swift in Sources */,
				3BC7098123BDCF9800E30DF1 /* Follower.swift in Sources */,
				3B76903E23BA468400768742 /* SearchVC.swift in Sources */,
				CB1CF25023C0BF5D0044C189 /* NetworkManager.swift in Sources */,
				3B76902A23BA407D00768742 /* AppDelegate.swift in Sources */,
				CB4816F123BCD3E400745FEB /* UIViewControllerExtension.swift in Sources */,
				3B76902C23BA407D00768742 /* SceneDelegate.swift in Sources */,
			);
			runOnlyForDeploymentPostprocessing = 0;
		};
/* End PBXSourcesBuildPhase section */

/* Begin PBXVariantGroup section */
		3B76903423BA407F00768742 /* LaunchScreen.storyboard */ = {
			isa = PBXVariantGroup;
			children = (
				3B76903523BA407F00768742 /* Base */,
			);
			name = LaunchScreen.storyboard;
			sourceTree = "<group>";
		};
/* End PBXVariantGroup section */

/* Begin XCBuildConfiguration section */
		3B76903823BA407F00768742 /* Debug */ = {
			isa = XCBuildConfiguration;
			buildSettings = {
				ALWAYS_SEARCH_USER_PATHS = NO;
				CLANG_ANALYZER_NONNULL = YES;
				CLANG_ANALYZER_NUMBER_OBJECT_CONVERSION = YES_AGGRESSIVE;
				CLANG_CXX_LANGUAGE_STANDARD = "gnu++14";
				CLANG_CXX_LIBRARY = "libc++";
				CLANG_ENABLE_MODULES = YES;
				CLANG_ENABLE_OBJC_ARC = YES;
				CLANG_ENABLE_OBJC_WEAK = YES;
				CLANG_WARN_BLOCK_CAPTURE_AUTORELEASING = YES;
				CLANG_WARN_BOOL_CONVERSION = YES;
				CLANG_WARN_COMMA = YES;
				CLANG_WARN_CONSTANT_CONVERSION = YES;
				CLANG_WARN_DEPRECATED_OBJC_IMPLEMENTATIONS = YES;
				CLANG_WARN_DIRECT_OBJC_ISA_USAGE = YES_ERROR;
				CLANG_WARN_DOCUMENTATION_COMMENTS = YES;
				CLANG_WARN_EMPTY_BODY = YES;
				CLANG_WARN_ENUM_CONVERSION = YES;
				CLANG_WARN_INFINITE_RECURSION = YES;
				CLANG_WARN_INT_CONVERSION = YES;
				CLANG_WARN_NON_LITERAL_NULL_CONVERSION = YES;
				CLANG_WARN_OBJC_IMPLICIT_RETAIN_SELF = YES;
				CLANG_WARN_OBJC_LITERAL_CONVERSION = YES;
				CLANG_WARN_OBJC_ROOT_CLASS = YES_ERROR;
				CLANG_WARN_RANGE_LOOP_ANALYSIS = YES;
				CLANG_WARN_STRICT_PROTOTYPES = YES;
				CLANG_WARN_SUSPICIOUS_MOVE = YES;
				CLANG_WARN_UNGUARDED_AVAILABILITY = YES_AGGRESSIVE;
				CLANG_WARN_UNREACHABLE_CODE = YES;
				CLANG_WARN__DUPLICATE_METHOD_MATCH = YES;
				COPY_PHASE_STRIP = NO;
				DEBUG_INFORMATION_FORMAT = dwarf;
				ENABLE_STRICT_OBJC_MSGSEND = YES;
				ENABLE_TESTABILITY = YES;
				GCC_C_LANGUAGE_STANDARD = gnu11;
				GCC_DYNAMIC_NO_PIC = NO;
				GCC_NO_COMMON_BLOCKS = YES;
				GCC_OPTIMIZATION_LEVEL = 0;
				GCC_PREPROCESSOR_DEFINITIONS = (
					"DEBUG=1",
					"$(inherited)",
				);
				GCC_WARN_64_TO_32_BIT_CONVERSION = YES;
				GCC_WARN_ABOUT_RETURN_TYPE = YES_ERROR;
				GCC_WARN_UNDECLARED_SELECTOR = YES;
				GCC_WARN_UNINITIALIZED_AUTOS = YES_AGGRESSIVE;
				GCC_WARN_UNUSED_FUNCTION = YES;
				GCC_WARN_UNUSED_VARIABLE = YES;
				IPHONEOS_DEPLOYMENT_TARGET = 13.2;
				MTL_ENABLE_DEBUG_INFO = INCLUDE_SOURCE;
				MTL_FAST_MATH = YES;
				ONLY_ACTIVE_ARCH = YES;
				SDKROOT = iphoneos;
				SWIFT_ACTIVE_COMPILATION_CONDITIONS = DEBUG;
				SWIFT_OPTIMIZATION_LEVEL = "-Onone";
			};
			name = Debug;
		};
		3B76903923BA407F00768742 /* Release */ = {
			isa = XCBuildConfiguration;
			buildSettings = {
				ALWAYS_SEARCH_USER_PATHS = NO;
				CLANG_ANALYZER_NONNULL = YES;
				CLANG_ANALYZER_NUMBER_OBJECT_CONVERSION = YES_AGGRESSIVE;
				CLANG_CXX_LANGUAGE_STANDARD = "gnu++14";
				CLANG_CXX_LIBRARY = "libc++";
				CLANG_ENABLE_MODULES = YES;
				CLANG_ENABLE_OBJC_ARC = YES;
				CLANG_ENABLE_OBJC_WEAK = YES;
				CLANG_WARN_BLOCK_CAPTURE_AUTORELEASING = YES;
				CLANG_WARN_BOOL_CONVERSION = YES;
				CLANG_WARN_COMMA = YES;
				CLANG_WARN_CONSTANT_CONVERSION = YES;
				CLANG_WARN_DEPRECATED_OBJC_IMPLEMENTATIONS = YES;
				CLANG_WARN_DIRECT_OBJC_ISA_USAGE = YES_ERROR;
				CLANG_WARN_DOCUMENTATION_COMMENTS = YES;
				CLANG_WARN_EMPTY_BODY = YES;
				CLANG_WARN_ENUM_CONVERSION = YES;
				CLANG_WARN_INFINITE_RECURSION = YES;
				CLANG_WARN_INT_CONVERSION = YES;
				CLANG_WARN_NON_LITERAL_NULL_CONVERSION = YES;
				CLANG_WARN_OBJC_IMPLICIT_RETAIN_SELF = YES;
				CLANG_WARN_OBJC_LITERAL_CONVERSION = YES;
				CLANG_WARN_OBJC_ROOT_CLASS = YES_ERROR;
				CLANG_WARN_RANGE_LOOP_ANALYSIS = YES;
				CLANG_WARN_STRICT_PROTOTYPES = YES;
				CLANG_WARN_SUSPICIOUS_MOVE = YES;
				CLANG_WARN_UNGUARDED_AVAILABILITY = YES_AGGRESSIVE;
				CLANG_WARN_UNREACHABLE_CODE = YES;
				CLANG_WARN__DUPLICATE_METHOD_MATCH = YES;
				COPY_PHASE_STRIP = NO;
				DEBUG_INFORMATION_FORMAT = "dwarf-with-dsym";
				ENABLE_NS_ASSERTIONS = NO;
				ENABLE_STRICT_OBJC_MSGSEND = YES;
				GCC_C_LANGUAGE_STANDARD = gnu11;
				GCC_NO_COMMON_BLOCKS = YES;
				GCC_WARN_64_TO_32_BIT_CONVERSION = YES;
				GCC_WARN_ABOUT_RETURN_TYPE = YES_ERROR;
				GCC_WARN_UNDECLARED_SELECTOR = YES;
				GCC_WARN_UNINITIALIZED_AUTOS = YES_AGGRESSIVE;
				GCC_WARN_UNUSED_FUNCTION = YES;
				GCC_WARN_UNUSED_VARIABLE = YES;
				IPHONEOS_DEPLOYMENT_TARGET = 13.2;
				MTL_ENABLE_DEBUG_INFO = NO;
				MTL_FAST_MATH = YES;
				SDKROOT = iphoneos;
				SWIFT_COMPILATION_MODE = wholemodule;
				SWIFT_OPTIMIZATION_LEVEL = "-O";
				VALIDATE_PRODUCT = YES;
			};
			name = Release;
		};
		3B76903B23BA407F00768742 /* Debug */ = {
			isa = XCBuildConfiguration;
			buildSettings = {
				ASSETCATALOG_COMPILER_APPICON_NAME = AppIcon;
				CODE_SIGN_STYLE = Automatic;
				DEVELOPMENT_TEAM = YF57B659EP;
				INFOPLIST_FILE = GithubFollowers/Info.plist;
				LD_RUNPATH_SEARCH_PATHS = (
					"$(inherited)",
					"@executable_path/Frameworks",
				);
				PRODUCT_BUNDLE_IDENTIFIER = erxhanselmani.GithubFollowers;
				PRODUCT_NAME = "$(TARGET_NAME)";
				SWIFT_VERSION = 5.0;
				TARGETED_DEVICE_FAMILY = "1,2";
			};
			name = Debug;
		};
		3B76903C23BA407F00768742 /* Release */ = {
			isa = XCBuildConfiguration;
			buildSettings = {
				ASSETCATALOG_COMPILER_APPICON_NAME = AppIcon;
				CODE_SIGN_STYLE = Automatic;
				DEVELOPMENT_TEAM = YF57B659EP;
				INFOPLIST_FILE = GithubFollowers/Info.plist;
				LD_RUNPATH_SEARCH_PATHS = (
					"$(inherited)",
					"@executable_path/Frameworks",
				);
				PRODUCT_BUNDLE_IDENTIFIER = erxhanselmani.GithubFollowers;
				PRODUCT_NAME = "$(TARGET_NAME)";
				SWIFT_VERSION = 5.0;
				TARGETED_DEVICE_FAMILY = "1,2";
			};
			name = Release;
		};
/* End XCBuildConfiguration section */

/* Begin XCConfigurationList section */
		3B76902123BA407D00768742 /* Build configuration list for PBXProject "GithubFollowers" */ = {
			isa = XCConfigurationList;
			buildConfigurations = (
				3B76903823BA407F00768742 /* Debug */,
				3B76903923BA407F00768742 /* Release */,
			);
			defaultConfigurationIsVisible = 0;
			defaultConfigurationName = Release;
		};
		3B76903A23BA407F00768742 /* Build configuration list for PBXNativeTarget "GithubFollowers" */ = {
			isa = XCConfigurationList;
			buildConfigurations = (
				3B76903B23BA407F00768742 /* Debug */,
				3B76903C23BA407F00768742 /* Release */,
			);
			defaultConfigurationIsVisible = 0;
			defaultConfigurationName = Release;
		};
/* End XCConfigurationList section */
	};
	rootObject = 3B76901E23BA407D00768742 /* Project object */;
}
